{
  "version": 4,
  "terraform_version": "1.5.1",
  "serial": 25,
  "lineage": "e466f95d-8b5a-9cc8-6838-f2cb61e0ee43",
  "outputs": {},
  "resources": [
    {
      "mode": "managed",
      "type": "google_storage_bucket",
      "name": "website",
      "provider": "provider[\"registry.terraform.io/hashicorp/google\"]",
      "instances": [
        {
          "schema_version": 0,
          "attributes": {
            "cors": [],
            "default_event_based_hold": false,
            "encryption": [],
            "force_destroy": true,
            "id": "my-web-info-site",
            "labels": {},
            "lifecycle_rule": [],
            "location": "EUROPE-WEST2",
            "logging": [],
            "name": "my-web-info-site",
            "project": "ci-cd-pipeline-405011",
            "requester_pays": false,
            "retention_policy": [],
            "self_link": "https://www.googleapis.com/storage/v1/b/my-web-info-site",
            "storage_class": "STANDARD",
            "uniform_bucket_level_access": false,
            "url": "gs://my-web-info-site",
            "versioning": [],
            "website": [
              {
                "main_page_suffix": "index.html",
                "not_found_page": "404.html"
              }
            ]
          },
          "sensitive_attributes": [],
          "private": "bnVsbA=="
        }
      ]
    },
    {
      "mode": "managed",
      "type": "google_storage_bucket_iam_binding",
      "name": "public_access",
      "provider": "provider[\"registry.terraform.io/hashicorp/google\"]",
      "instances": [
        {
          "schema_version": 0,
          "attributes": {
            "bucket": "b/my-web-info-site",
            "condition": [],
            "etag": "CAQ=",
            "id": "b/my-web-info-site/roles/storage.objectViewer",
            "members": [
              "allUsers"
            ],
            "role": "roles/storage.objectViewer"
          },
          "sensitive_attributes": [],
          "private": "bnVsbA==",
          "dependencies": [
            "google_storage_bucket.website"
          ]
        }
      ]
    },
    {
      "mode": "managed",
      "type": "google_storage_bucket_object",
      "name": "index-html",
      "provider": "provider[\"registry.terraform.io/hashicorp/google\"]",
      "instances": [
        {
          "schema_version": 0,
          "attributes": {
            "bucket": "my-web-info-site",
            "cache_control": "",
            "content": null,
            "content_disposition": "",
            "content_encoding": "",
            "content_language": "",
            "content_type": "text/index_html",
            "crc32c": "pbtnCQ==",
            "customer_encryption": [],
            "detect_md5hash": "oLtchOjiJYf80tG18i4TRw==",
            "event_based_hold": false,
            "id": "my-web-info-site-index-web-page-inf0",
            "kms_key_name": "",
            "md5hash": "oLtchOjiJYf80tG18i4TRw==",
            "media_link": "https://storage.googleapis.com/download/storage/v1/b/my-web-info-site/o/index-web-page-inf0?generation=1699982019232226\u0026alt=media",
            "metadata": null,
            "name": "index-web-page-inf0",
            "output_name": "index-web-page-inf0",
            "self_link": "https://www.googleapis.com/storage/v1/b/my-web-info-site/o/index-web-page-inf0",
            "source": "C:/Users/Alien/AppData/Local/Google/Cloud SDK/static-site/index.html",
            "storage_class": "STANDARD",
            "temporary_hold": false,
            "timeouts": null
          },
          "sensitive_attributes": [],
          "private": "eyJlMmJmYjczMC1lY2FhLTExZTYtOGY4OC0zNDM2M2JjN2M0YzAiOnsiY3JlYXRlIjoyNDAwMDAwMDAwMDAsImRlbGV0ZSI6MjQwMDAwMDAwMDAwLCJ1cGRhdGUiOjI0MDAwMDAwMDAwMH19",
          "dependencies": [
            "google_storage_bucket.website"
          ]
        }
      ]
    },
    {
      "mode": "managed",
      "type": "google_storage_bucket_object",
      "name": "static-404-html",
      "provider": "provider[\"registry.terraform.io/hashicorp/google\"]",
      "instances": [
        {
          "schema_version": 0,
          "attributes": {
            "bucket": "my-web-info-site",
            "cache_control": "",
            "content": null,
            "content_disposition": "",
            "content_encoding": "",
            "content_language": "",
            "content_type": "text/404_html",
            "crc32c": "LSwBPg==",
            "customer_encryption": [],
            "detect_md5hash": "zB9OLICfRWpmh3feBVVYuA==",
            "event_based_hold": false,
            "id": "my-web-info-site-404",
            "kms_key_name": "",
            "md5hash": "zB9OLICfRWpmh3feBVVYuA==",
            "media_link": "https://storage.googleapis.com/download/storage/v1/b/my-web-info-site/o/404?generation=1699982018614976\u0026alt=media",
            "metadata": null,
            "name": "404",
            "output_name": "404",
            "self_link": "https://www.googleapis.com/storage/v1/b/my-web-info-site/o/404",
            "source": "C:/Users/Alien/AppData/Local/Google/Cloud SDK/static-site/404.html",
            "storage_class": "STANDARD",
            "temporary_hold": false,
            "timeouts": null
          },
          "sensitive_attributes": [],
          "private": "eyJlMmJmYjczMC1lY2FhLTExZTYtOGY4OC0zNDM2M2JjN2M0YzAiOnsiY3JlYXRlIjoyNDAwMDAwMDAwMDAsImRlbGV0ZSI6MjQwMDAwMDAwMDAwLCJ1cGRhdGUiOjI0MDAwMDAwMDAwMH19",
          "dependencies": [
            "google_storage_bucket.website"
          ]
        }
      ]
    }
  ],
  "check_results": null
}
