{
  "version": 4,
  "terraform_version": "1.5.1",
  "serial": 44,
  "lineage": "e466f95d-8b5a-9cc8-6838-f2cb61e0ee43",
  "outputs": {},
  "resources": [
    {
      "mode": "managed",
      "type": "google_compute_backend_bucket",
      "name": "website-backend-0",
      "provider": "provider[\"registry.terraform.io/hashicorp/google\"]",
      "instances": [
        {
          "schema_version": 0,
          "attributes": {
            "bucket_name": "my-web-info-site",
            "cdn_policy": [
              {
                "cache_mode": "CACHE_ALL_STATIC",
                "client_ttl": 3600,
                "default_ttl": 3600,
                "max_ttl": 86400,
                "negative_caching": true,
                "negative_caching_policy": [],
                "serve_while_stale": 86400,
                "signed_url_cache_max_age_sec": 0
              }
            ],
            "creation_timestamp": "2023-11-14T09:44:55.511-08:00",
            "custom_response_headers": [],
            "description": "",
            "enable_cdn": true,
            "id": "projects/ci-cd-pipeline-405011/global/backendBuckets/website-backend-0",
            "name": "website-backend-0",
            "project": "ci-cd-pipeline-405011",
            "self_link": "https://www.googleapis.com/compute/v1/projects/ci-cd-pipeline-405011/global/backendBuckets/website-backend-0",
            "timeouts": null
          },
          "sensitive_attributes": [],
          "private": "eyJlMmJmYjczMC1lY2FhLTExZTYtOGY4OC0zNDM2M2JjN2M0YzAiOnsiY3JlYXRlIjoyNDAwMDAwMDAwMDAsImRlbGV0ZSI6MjQwMDAwMDAwMDAwLCJ1cGRhdGUiOjI0MDAwMDAwMDAwMH19",
          "dependencies": [
            "google_storage_bucket.website"
          ]
        }
      ]
    },
    {
      "mode": "managed",
      "type": "google_compute_global_forwarding_rule",
      "name": "website-forward-rule-0",
      "provider": "provider[\"registry.terraform.io/hashicorp/google\"]",
      "instances": [
        {
          "schema_version": 0,
          "attributes": {
            "description": "",
            "id": "projects/ci-cd-pipeline-405011/global/forwardingRules/website-forward-rule-0",
            "ip_address": "34.160.233.168",
            "ip_protocol": "TCP",
            "ip_version": "",
            "label_fingerprint": "42WmSpB8rSM=",
            "labels": {},
            "load_balancing_scheme": "EXTERNAL",
            "metadata_filters": [],
            "name": "website-forward-rule-0",
            "network": "",
            "port_range": "80",
            "project": "ci-cd-pipeline-405011",
            "self_link": "https://www.googleapis.com/compute/v1/projects/ci-cd-pipeline-405011/global/forwardingRules/website-forward-rule-0",
            "target": "https://www.googleapis.com/compute/v1/projects/ci-cd-pipeline-405011/global/targetHttpProxies/website-proxy-00",
            "timeouts": null
          },
          "sensitive_attributes": [],
          "private": "eyJlMmJmYjczMC1lY2FhLTExZTYtOGY4OC0zNDM2M2JjN2M0YzAiOnsiY3JlYXRlIjo2MDAwMDAwMDAwMDAsImRlbGV0ZSI6NjAwMDAwMDAwMDAwLCJ1cGRhdGUiOjYwMDAwMDAwMDAwMH19",
          "dependencies": [
            "google_compute_backend_bucket.website-backend-0",
            "google_compute_target_http_proxy.website-proxy-00",
            "google_compute_url_map.website-backend-url-map0",
            "google_storage_bucket.website"
          ]
        }
      ]
    },
    {
      "mode": "managed",
      "type": "google_compute_target_http_proxy",
      "name": "website-proxy-00",
      "provider": "provider[\"registry.terraform.io/hashicorp/google\"]",
      "instances": [
        {
          "schema_version": 0,
          "attributes": {
            "creation_timestamp": "2023-11-14T09:50:37.409-08:00",
            "description": "",
            "id": "projects/ci-cd-pipeline-405011/global/targetHttpProxies/website-proxy-00",
            "name": "website-proxy-00",
            "project": "ci-cd-pipeline-405011",
            "proxy_bind": false,
            "proxy_id": -1140978302,
            "self_link": "https://www.googleapis.com/compute/v1/projects/ci-cd-pipeline-405011/global/targetHttpProxies/website-proxy-00",
            "timeouts": null,
            "url_map": "https://www.googleapis.com/compute/v1/projects/ci-cd-pipeline-405011/global/urlMaps/website-backend-url-map0"
          },
          "sensitive_attributes": [],
          "private": "eyJlMmJmYjczMC1lY2FhLTExZTYtOGY4OC0zNDM2M2JjN2M0YzAiOnsiY3JlYXRlIjoyNDAwMDAwMDAwMDAsImRlbGV0ZSI6MjQwMDAwMDAwMDAwLCJ1cGRhdGUiOjI0MDAwMDAwMDAwMH19",
          "dependencies": [
            "google_compute_backend_bucket.website-backend-0",
            "google_compute_url_map.website-backend-url-map0",
            "google_storage_bucket.website"
          ]
        }
      ]
    },
    {
      "mode": "managed",
      "type": "google_compute_url_map",
      "name": "website-backend-url-map0",
      "provider": "provider[\"registry.terraform.io/hashicorp/google\"]",
      "instances": [
        {
          "schema_version": 0,
          "attributes": {
            "creation_timestamp": "2023-11-14T09:50:24.663-08:00",
            "default_route_action": [],
            "default_service": "https://www.googleapis.com/compute/v1/projects/ci-cd-pipeline-405011/global/backendBuckets/website-backend-0",
            "default_url_redirect": [],
            "description": "",
            "fingerprint": "7-YM1nBOf5g=",
            "header_action": [],
            "host_rule": [],
            "id": "projects/ci-cd-pipeline-405011/global/urlMaps/website-backend-url-map0",
            "map_id": -1140978289,
            "name": "website-backend-url-map0",
            "path_matcher": [],
            "project": "ci-cd-pipeline-405011",
            "self_link": "https://www.googleapis.com/compute/v1/projects/ci-cd-pipeline-405011/global/urlMaps/website-backend-url-map0",
            "test": [],
            "timeouts": null
          },
          "sensitive_attributes": [],
          "private": "eyJlMmJmYjczMC1lY2FhLTExZTYtOGY4OC0zNDM2M2JjN2M0YzAiOnsiY3JlYXRlIjoyNDAwMDAwMDAwMDAsImRlbGV0ZSI6MjQwMDAwMDAwMDAwLCJ1cGRhdGUiOjI0MDAwMDAwMDAwMH19",
          "dependencies": [
            "google_compute_backend_bucket.website-backend-0",
            "google_storage_bucket.website"
          ]
        }
      ]
    },
    {
      "mode": "managed",
      "type": "google_storage_bucket",
      "name": "website",
      "provider": "provider[\"registry.terraform.io/hashicorp/google\"]",
      "instances": [
        {
          "schema_version": 0,
          "attributes": {
            "cors": [],
            "default_event_based_hold": false,
            "encryption": [],
            "force_destroy": true,
            "id": "my-web-info-site",
            "labels": {},
            "lifecycle_rule": [],
            "location": "EUROPE-WEST2",
            "logging": [],
            "name": "my-web-info-site",
            "project": "ci-cd-pipeline-405011",
            "requester_pays": false,
            "retention_policy": [],
            "self_link": "https://www.googleapis.com/storage/v1/b/my-web-info-site",
            "storage_class": "STANDARD",
            "uniform_bucket_level_access": false,
            "url": "gs://my-web-info-site",
            "versioning": [],
            "website": [
              {
                "main_page_suffix": "index.html",
                "not_found_page": "404.html"
              }
            ]
          },
          "sensitive_attributes": [],
          "private": "bnVsbA=="
        }
      ]
    },
    {
      "mode": "managed",
      "type": "google_storage_bucket_iam_binding",
      "name": "public_access",
      "provider": "provider[\"registry.terraform.io/hashicorp/google\"]",
      "instances": [
        {
          "schema_version": 0,
          "attributes": {
            "bucket": "b/my-web-info-site",
            "condition": [],
            "etag": "CAY=",
            "id": "b/my-web-info-site/roles/storage.objectViewer",
            "members": [
              "allUsers"
            ],
            "role": "roles/storage.objectViewer"
          },
          "sensitive_attributes": [],
          "private": "bnVsbA==",
          "dependencies": [
            "google_storage_bucket.website"
          ]
        }
      ]
    },
    {
      "mode": "managed",
      "type": "google_storage_bucket_object",
      "name": "index-html",
      "provider": "provider[\"registry.terraform.io/hashicorp/google\"]",
      "instances": [
        {
          "schema_version": 0,
          "attributes": {
            "bucket": "my-web-info-site",
            "cache_control": "",
            "content": null,
            "content_disposition": "",
            "content_encoding": "",
            "content_language": "",
            "content_type": "text/index_html",
            "crc32c": "pbtnCQ==",
            "customer_encryption": [],
            "detect_md5hash": "oLtchOjiJYf80tG18i4TRw==",
            "event_based_hold": false,
            "id": "my-web-info-site-index-web-page-inf0",
            "kms_key_name": "",
            "md5hash": "oLtchOjiJYf80tG18i4TRw==",
            "media_link": "https://storage.googleapis.com/download/storage/v1/b/my-web-info-site/o/index-web-page-inf0?generation=1699982019232226\u0026alt=media",
            "metadata": {},
            "name": "index-web-page-inf0",
            "output_name": "index-web-page-inf0",
            "self_link": "https://www.googleapis.com/storage/v1/b/my-web-info-site/o/index-web-page-inf0",
            "source": "C:/Users/Alien/AppData/Local/Google/Cloud SDK/static-site/index.html",
            "storage_class": "STANDARD",
            "temporary_hold": false,
            "timeouts": null
          },
          "sensitive_attributes": [],
          "private": "eyJlMmJmYjczMC1lY2FhLTExZTYtOGY4OC0zNDM2M2JjN2M0YzAiOnsiY3JlYXRlIjoyNDAwMDAwMDAwMDAsImRlbGV0ZSI6MjQwMDAwMDAwMDAwLCJ1cGRhdGUiOjI0MDAwMDAwMDAwMH19",
          "dependencies": [
            "google_storage_bucket.website"
          ]
        }
      ]
    },
    {
      "mode": "managed",
      "type": "google_storage_bucket_object",
      "name": "static-404-html",
      "provider": "provider[\"registry.terraform.io/hashicorp/google\"]",
      "instances": [
        {
          "schema_version": 0,
          "attributes": {
            "bucket": "my-web-info-site",
            "cache_control": "",
            "content": null,
            "content_disposition": "",
            "content_encoding": "",
            "content_language": "",
            "content_type": "text/404_html",
            "crc32c": "LSwBPg==",
            "customer_encryption": [],
            "detect_md5hash": "zB9OLICfRWpmh3feBVVYuA==",
            "event_based_hold": false,
            "id": "my-web-info-site-404",
            "kms_key_name": "",
            "md5hash": "zB9OLICfRWpmh3feBVVYuA==",
            "media_link": "https://storage.googleapis.com/download/storage/v1/b/my-web-info-site/o/404?generation=1699982018614976\u0026alt=media",
            "metadata": {},
            "name": "404",
            "output_name": "404",
            "self_link": "https://www.googleapis.com/storage/v1/b/my-web-info-site/o/404",
            "source": "C:/Users/Alien/AppData/Local/Google/Cloud SDK/static-site/404.html",
            "storage_class": "STANDARD",
            "temporary_hold": false,
            "timeouts": null
          },
          "sensitive_attributes": [],
          "private": "eyJlMmJmYjczMC1lY2FhLTExZTYtOGY4OC0zNDM2M2JjN2M0YzAiOnsiY3JlYXRlIjoyNDAwMDAwMDAwMDAsImRlbGV0ZSI6MjQwMDAwMDAwMDAwLCJ1cGRhdGUiOjI0MDAwMDAwMDAwMH19",
          "dependencies": [
            "google_storage_bucket.website"
          ]
        }
      ]
    }
  ],
  "check_results": null
}
